<?xml version="1.0" encoding="UTF-8"?>
<Scheme
   version = "1.3">
   <BuildAction>
      <BuildActionEntries>
         <BuildActionEntry
            buildForRunning = "YES">
            <BuildableReference
               BuildableIdentifier = "primary"
               BlueprintIdentifier = "5C6C5597957BD2BA3B96E1EC"
               BuildableName = "MyRepoProject.app"
               BlueprintName = "MyRepoProject"
               ReferencedContainer = "container:MyRepoProject.xcodeproj">
            </BuildableReference>
         </BuildActionEntry>
      </BuildActionEntries>
   </BuildAction>
   <LaunchAction
      useCustomWorkingDirectory = "NO"
      buildConfiguration = "Debug">
      <BuildableProductRunnable>
         <BuildableReference
            BuildableIdentifier = "primary"
            BlueprintIdentifier = "5C6C5597957BD2BA3B96E1EC"
            BuildableName = "MyRepoProject.app"
            BlueprintName = "MyRepoProject"
            ReferencedContainer = "container:MyRepoProject.xcodeproj">
         </BuildableReference>
      </BuildableProductRunnable>
   </LaunchAction>
</Scheme>
